
Microsoft Visual Studio Solution File, Format Version 12.00
# Visual Studio Version 17
VisualStudioVersion = 17.9.34902.65
MinimumVisualStudioVersion = 10.0.40219.1
Project("{8BC9CEB8-8B4A-11D0-8D11-00A0C91BC942}") = "practice_6_2", "practice_6_2\practice_6_2.vcxproj", "{F4B4528A-B509-4B63-98B5-779E52BDDE21}"
EndProject
Global
	GlobalSection(SolutionConfigurationPlatforms) = preSolution
		Debug|x64 = Debug|x64
		Debug|x86 = Debug|x86
		Release|x64 = Release|x64
		Release|x86 = Release|x86
	EndGlobalSection
	GlobalSection(ProjectConfigurationPlatforms) = postSolution
		{F4B4528A-B509-4B63-98B5-779E52BDDE21}.Debug|x64.ActiveCfg = Debug|x64
		{F4B4528A-B509-4B63-98B5-779E52BDDE21}.Debug|x64.Build.0 = Debug|x64
		{F4B4528A-B509-4B63-98B5-779E52BDDE21}.Debug|x86.ActiveCfg = Debug|Win32
		{F4B4528A-B509-4B63-98B5-779E52BDDE21}.Debug|x86.Build.0 = Debug|Win32
		{F4B4528A-B509-4B63-98B5-779E52BDDE21}.Release|x64.ActiveCfg = Release|x64
		{F4B4528A-B509-4B63-98B5-779E52BDDE21}.Release|x64.Build.0 = Release|x64
		{F4B4528A-B509-4B63-98B5-779E52BDDE21}.Release|x86.ActiveCfg = Release|Win32
		{F4B4528A-B509-4B63-98B5-779E52BDDE21}.Release|x86.Build.0 = Release|Win32
	EndGlobalSection
	GlobalSection(SolutionProperties) = preSolution
		HideSolutionNode = FALSE
	EndGlobalSection
	GlobalSection(ExtensibilityGlobals) = postSolution
		SolutionGuid = {624CF19C-8AB9-4950-8914-14BD73036239}
	EndGlobalSection
EndGlobal
